
Microsoft Visual Studio Solution File, Format Version 12.00
# Visual Studio Version 18
VisualStudioVersion = 18.4.11513.90
MinimumVisualStudioVersion = 10.0.40219.1
Project("{FAE04EC0-301F-11D3-BF4B-00C04F79EFBC}") = "ArchHarness.App", "src\ArchHarness.App\ArchHarness.App.csproj", "{3288E6BB-94E2-C0B6-A792-4978D5E6E49C}"
EndProject
Project("{FAE04EC0-301F-11D3-BF4B-00C04F79EFBC}") = "ArchHarness.Console", "src\ArchHarness.Console\ArchHarness.Console.csproj", "{D437B499-EF20-48D4-A18C-73927CB67A9E}"
EndProject
Project("{2150E333-8FDC-42A3-9474-1A3956D46DE8}") = "tests", "tests", "{0AB3BF05-4346-4AA6-1389-037BE0695223}"
EndProject
Project("{FAE04EC0-301F-11D3-BF4B-00C04F79EFBC}") = "ArchHarness.App.Tests", "tests\ArchHarness.App.Tests\ArchHarness.App.Tests.csproj", "{FFC2E2AA-9761-4236-99F1-6AEB6130CF6A}"
EndProject
Project("{2150E333-8FDC-42A3-9474-1A3956D46DE8}") = "src", "src", "{827E0CD3-B72D-47B6-A68D-7590B98EB39B}"
EndProject
Project("{FAE04EC0-301F-11D3-BF4B-00C04F79EFBC}") = "ArchHarness.Web", "src\ArchHarness.Web\ArchHarness.Web.csproj", "{0C36C1F1-E1BA-412A-A082-AC845EAEDBEE}"
EndProject
Global
	GlobalSection(SolutionConfigurationPlatforms) = preSolution
		Debug|Any CPU = Debug|Any CPU
		Debug|x64 = Debug|x64
		Debug|x86 = Debug|x86
		Release|Any CPU = Release|Any CPU
		Release|x64 = Release|x64
		Release|x86 = Release|x86
	EndGlobalSection
	GlobalSection(ProjectConfigurationPlatforms) = postSolution
		{3288E6BB-94E2-C0B6-A792-4978D5E6E49C}.Debug|Any CPU.ActiveCfg = Debug|Any CPU
		{3288E6BB-94E2-C0B6-A792-4978D5E6E49C}.Debug|Any CPU.Build.0 = Debug|Any CPU
		{3288E6BB-94E2-C0B6-A792-4978D5E6E49C}.Debug|x64.ActiveCfg = Debug|Any CPU
		{3288E6BB-94E2-C0B6-A792-4978D5E6E49C}.Debug|x64.Build.0 = Debug|Any CPU
		{3288E6BB-94E2-C0B6-A792-4978D5E6E49C}.Debug|x86.ActiveCfg = Debug|Any CPU
		{3288E6BB-94E2-C0B6-A792-4978D5E6E49C}.Debug|x86.Build.0 = Debug|Any CPU
		{3288E6BB-94E2-C0B6-A792-4978D5E6E49C}.Release|Any CPU.ActiveCfg = Release|Any CPU
		{3288E6BB-94E2-C0B6-A792-4978D5E6E49C}.Release|Any CPU.Build.0 = Release|Any CPU
		{3288E6BB-94E2-C0B6-A792-4978D5E6E49C}.Release|x64.ActiveCfg = Release|Any CPU
		{3288E6BB-94E2-C0B6-A792-4978D5E6E49C}.Release|x64.Build.0 = Release|Any CPU
		{3288E6BB-94E2-C0B6-A792-4978D5E6E49C}.Release|x86.ActiveCfg = Release|Any CPU
		{3288E6BB-94E2-C0B6-A792-4978D5E6E49C}.Release|x86.Build.0 = Release|Any CPU
		{D437B499-EF20-48D4-A18C-73927CB67A9E}.Debug|Any CPU.ActiveCfg = Debug|Any CPU
		{D437B499-EF20-48D4-A18C-73927CB67A9E}.Debug|Any CPU.Build.0 = Debug|Any CPU
		{D437B499-EF20-48D4-A18C-73927CB67A9E}.Debug|x64.ActiveCfg = Debug|Any CPU
		{D437B499-EF20-48D4-A18C-73927CB67A9E}.Debug|x64.Build.0 = Debug|Any CPU
		{D437B499-EF20-48D4-A18C-73927CB67A9E}.Debug|x86.ActiveCfg = Debug|Any CPU
		{D437B499-EF20-48D4-A18C-73927CB67A9E}.Debug|x86.Build.0 = Debug|Any CPU
		{D437B499-EF20-48D4-A18C-73927CB67A9E}.Release|Any CPU.ActiveCfg = Release|Any CPU
		{D437B499-EF20-48D4-A18C-73927CB67A9E}.Release|Any CPU.Build.0 = Release|Any CPU
		{D437B499-EF20-48D4-A18C-73927CB67A9E}.Release|x64.ActiveCfg = Release|Any CPU
		{D437B499-EF20-48D4-A18C-73927CB67A9E}.Release|x64.Build.0 = Release|Any CPU
		{D437B499-EF20-48D4-A18C-73927CB67A9E}.Release|x86.ActiveCfg = Release|Any CPU
		{D437B499-EF20-48D4-A18C-73927CB67A9E}.Release|x86.Build.0 = Release|Any CPU
		{FFC2E2AA-9761-4236-99F1-6AEB6130CF6A}.Debug|Any CPU.ActiveCfg = Debug|Any CPU
		{FFC2E2AA-9761-4236-99F1-6AEB6130CF6A}.Debug|Any CPU.Build.0 = Debug|Any CPU
		{FFC2E2AA-9761-4236-99F1-6AEB6130CF6A}.Debug|x64.ActiveCfg = Debug|Any CPU
		{FFC2E2AA-9761-4236-99F1-6AEB6130CF6A}.Debug|x64.Build.0 = Debug|Any CPU
		{FFC2E2AA-9761-4236-99F1-6AEB6130CF6A}.Debug|x86.ActiveCfg = Debug|Any CPU
		{FFC2E2AA-9761-4236-99F1-6AEB6130CF6A}.Debug|x86.Build.0 = Debug|Any CPU
		{FFC2E2AA-9761-4236-99F1-6AEB6130CF6A}.Release|Any CPU.ActiveCfg = Release|Any CPU
		{FFC2E2AA-9761-4236-99F1-6AEB6130CF6A}.Release|Any CPU.Build.0 = Release|Any CPU
		{FFC2E2AA-9761-4236-99F1-6AEB6130CF6A}.Release|x64.ActiveCfg = Release|Any CPU
		{FFC2E2AA-9761-4236-99F1-6AEB6130CF6A}.Release|x64.Build.0 = Release|Any CPU
		{FFC2E2AA-9761-4236-99F1-6AEB6130CF6A}.Release|x86.ActiveCfg = Release|Any CPU
		{FFC2E2AA-9761-4236-99F1-6AEB6130CF6A}.Release|x86.Build.0 = Release|Any CPU
		{0C36C1F1-E1BA-412A-A082-AC845EAEDBEE}.Debug|Any CPU.ActiveCfg = Debug|Any CPU
		{0C36C1F1-E1BA-412A-A082-AC845EAEDBEE}.Debug|Any CPU.Build.0 = Debug|Any CPU
		{0C36C1F1-E1BA-412A-A082-AC845EAEDBEE}.Debug|x64.ActiveCfg = Debug|Any CPU
		{0C36C1F1-E1BA-412A-A082-AC845EAEDBEE}.Debug|x64.Build.0 = Debug|Any CPU
		{0C36C1F1-E1BA-412A-A082-AC845EAEDBEE}.Debug|x86.ActiveCfg = Debug|Any CPU
		{0C36C1F1-E1BA-412A-A082-AC845EAEDBEE}.Debug|x86.Build.0 = Debug|Any CPU
		{0C36C1F1-E1BA-412A-A082-AC845EAEDBEE}.Release|Any CPU.ActiveCfg = Release|Any CPU
		{0C36C1F1-E1BA-412A-A082-AC845EAEDBEE}.Release|Any CPU.Build.0 = Release|Any CPU
		{0C36C1F1-E1BA-412A-A082-AC845EAEDBEE}.Release|x64.ActiveCfg = Release|Any CPU
		{0C36C1F1-E1BA-412A-A082-AC845EAEDBEE}.Release|x64.Build.0 = Release|Any CPU
		{0C36C1F1-E1BA-412A-A082-AC845EAEDBEE}.Release|x86.ActiveCfg = Release|Any CPU
		{0C36C1F1-E1BA-412A-A082-AC845EAEDBEE}.Release|x86.Build.0 = Release|Any CPU
	EndGlobalSection
	GlobalSection(SolutionProperties) = preSolution
		HideSolutionNode = FALSE
	EndGlobalSection
	GlobalSection(NestedProjects) = preSolution
		{FFC2E2AA-9761-4236-99F1-6AEB6130CF6A} = {0AB3BF05-4346-4AA6-1389-037BE0695223}
		{0C36C1F1-E1BA-412A-A082-AC845EAEDBEE} = {827E0CD3-B72D-47B6-A68D-7590B98EB39B}
	EndGlobalSection
	GlobalSection(ExtensibilityGlobals) = postSolution
		SolutionGuid = {D1118B64-5862-4D5D-94C9-738392AC1FD2}
	EndGlobalSection
EndGlobal
